// !$*UTF8*$!
{
	archiveVersion = 1;
	classes = {
	};
	objectVersion = 50;
	objects = {

/* Begin PBXBuildFile section */
		3325F2F12583CFB3008E252D /* Strings.strings in Resources */ = {isa = PBXBuildFile; fileRef = 3325F2F02583CFB3008E252D /* Strings.strings */; };
		3325F2FA2583D5BD008E252D /* NetworkAsyncUITests.swift in Sources */ = {isa = PBXBuildFile; fileRef = 3325F2F92583D5BD008E252D /* NetworkAsyncUITests.swift */; };
		33EA5B662583B5E2005A80BE /* NetworkAsyncApp.swift in Sources */ = {isa = PBXBuildFile; fileRef = 33EA5B652583B5E2005A80BE /* NetworkAsyncApp.swift */; };
		33EA5B682583B5E2005A80BE /* ContentView.swift in Sources */ = {isa = PBXBuildFile; fileRef = 33EA5B672583B5E2005A80BE /* ContentView.swift */; };
		33EA5B6A2583B5E5005A80BE /* Assets.xcassets in Resources */ = {isa = PBXBuildFile; fileRef = 33EA5B692583B5E5005A80BE /* Assets.xcassets */; };
		33EA5B6D2583B5E5005A80BE /* Preview Assets.xcassets in Resources */ = {isa = PBXBuildFile; fileRef = 33EA5B6C2583B5E5005A80BE /* Preview Assets.xcassets */; };
		33EA5B762583B60B005A80BE /* NetworkManager.swift in Sources */ = {isa = PBXBuildFile; fileRef = 33EA5B752583B60B005A80BE /* NetworkManager.swift */; };
/* End PBXBuildFile section */

/* Begin PBXContainerItemProxy section */
		3325F2FC2583D5BD008E252D /* PBXContainerItemProxy */ = {
			isa = PBXContainerItemProxy;
			containerPortal = 33EA5B5A2583B5E2005A80BE /* Project object */;
			proxyType = 1;
			remoteGlobalIDString = 33EA5B612583B5E2005A80BE;
			remoteInfo = NetworkAsync;
		};
/* End PBXContainerItemProxy section */

/* Begin PBXFileReference section */
		3325F2F02583CFB3008E252D /* Strings.strings */ = {isa = PBXFileReference; lastKnownFileType = text.plist.strings; path = Strings.strings; sourceTree = "<group>"; };
		3325F2F72583D5BD008E252D /* NetworkAsyncUITests.xctest */ = {isa = PBXFileReference; explicitFileType = wrapper.cfbundle; includeInIndex = 0; path = NetworkAsyncUITests.xctest; sourceTree = BUILT_PRODUCTS_DIR; };
		3325F2F92583D5BD008E252D /* NetworkAsyncUITests.swift */ = {isa = PBXFileReference; lastKnownFileType = sourcecode.swift; path = NetworkAsyncUITests.swift; sourceTree = "<group>"; };
		3325F2FB2583D5BD008E252D /* Info.plist */ = {isa = PBXFileReference; lastKnownFileType = text.plist.xml; path = Info.plist; sourceTree = "<group>"; };
		33EA5B622583B5E2005A80BE /* NetworkAsync.app */ = {isa = PBXFileReference; explicitFileType = wrapper.application; includeInIndex = 0; path = NetworkAsync.app; sourceTree = BUILT_PRODUCTS_DIR; };
		33EA5B652583B5E2005A80BE /* NetworkAsyncApp.swift */ = {isa = PBXFileReference; lastKnownFileType = sourcecode.swift; path = NetworkAsyncApp.swift; sourceTree = "<group>"; };
		33EA5B672583B5E2005A80BE /* ContentView.swift */ = {isa = PBXFileReference; lastKnownFileType = sourcecode.swift; path = ContentView.swift; sourceTree = "<group>"; };
		33EA5B692583B5E5005A80BE /* Assets.xcassets */ = {isa = PBXFileReference; lastKnownFileType = folder.assetcatalog; path = Assets.xcassets; sourceTree = "<group>"; };
		33EA5B6C2583B5E5005A80BE /* Preview Assets.xcassets */ = {isa = PBXFileReference; lastKnownFileType = folder.assetcatalog; path = "Preview Assets.xcassets"; sourceTree = "<group>"; };
		33EA5B6E2583B5E5005A80BE /* Info.plist */ = {isa = PBXFileReference; lastKnownFileType = text.plist.xml; path = Info.plist; sourceTree = "<group>"; };
		33EA5B752583B60B005A80BE /* NetworkManager.swift */ = {isa = PBXFileReference; lastKnownFileType = sourcecode.swift; path = NetworkManager.swift; sourceTree = "<group>"; };
/* End PBXFileReference section */

/* Begin PBXFrameworksBuildPhase section */
		3325F2F42583D5BD008E252D /* Frameworks */ = {
			isa = PBXFrameworksBuildPhase;
			buildActionMask = 2147483647;
			files = (
			);
			runOnlyForDeploymentPostprocessing = 0;
		};
		33EA5B5F2583B5E2005A80BE /* Frameworks */ = {
			isa = PBXFrameworksBuildPhase;
			buildActionMask = 2147483647;
			files = (
			);
			runOnlyForDeploymentPostprocessing = 0;
		};
/* End PBXFrameworksBuildPhase section */

/* Begin PBXGroup section */
		3325F2F82583D5BD008E252D /* NetworkAsyncUITests */ = {
			isa = PBXGroup;
			children = (
				3325F2F92583D5BD008E252D /* NetworkAsyncUITests.swift */,
				3325F2FB2583D5BD008E252D /* Info.plist */,
			);
			path = NetworkAsyncUITests;
			sourceTree = "<group>";
		};
		33EA5B592583B5E2005A80BE = {
			isa = PBXGroup;
			children = (
				33EA5B642583B5E2005A80BE /* NetworkAsync */,
				3325F2F82583D5BD008E252D /* NetworkAsyncUITests */,
				33EA5B632583B5E2005A80BE /* Products */,
			);
			sourceTree = "<group>";
		};
		33EA5B632583B5E2005A80BE /* Products */ = {
			isa = PBXGroup;
			children = (
				33EA5B622583B5E2005A80BE /* NetworkAsync.app */,
				3325F2F72583D5BD008E252D /* NetworkAsyncUITests.xctest */,
			);
			name = Products;
			sourceTree = "<group>";
		};
		33EA5B642583B5E2005A80BE /* NetworkAsync */ = {
			isa = PBXGroup;
			children = (
				33EA5B652583B5E2005A80BE /* NetworkAsyncApp.swift */,
				33EA5B672583B5E2005A80BE /* ContentView.swift */,
				33EA5B752583B60B005A80BE /* NetworkManager.swift */,
				33EA5B692583B5E5005A80BE /* Assets.xcassets */,
				3325F2F02583CFB3008E252D /* Strings.strings */,
				33EA5B6E2583B5E5005A80BE /* Info.plist */,
				33EA5B6B2583B5E5005A80BE /* Preview Content */,
			);
			path = NetworkAsync;
			sourceTree = "<group>";
		};
		33EA5B6B2583B5E5005A80BE /* Preview Content */ = {
			isa = PBXGroup;
			children = (
				33EA5B6C2583B5E5005A80BE /* Preview Assets.xcassets */,
			);
			path = "Preview Content";
			sourceTree = "<group>";
		};
/* End PBXGroup section */

/* Begin PBXNativeTarget section */
		3325F2F62583D5BD008E252D /* NetworkAsyncUITests */ = {
			isa = PBXNativeTarget;
			buildConfigurationList = 3325F2FE2583D5BD008E252D /* Build configuration list for PBXNativeTarget "NetworkAsyncUITests" */;
			buildPhases = (
				3325F2F32583D5BD008E252D /* Sources */,
				3325F2F42583D5BD008E252D /* Frameworks */,
				3325F2F52583D5BD008E252D /* Resources */,
			);
			buildRules = (
			);
			dependencies = (
				3325F2FD2583D5BD008E252D /* PBXTargetDependency */,
			);
			name = NetworkAsyncUITests;
			productName = NetworkAsyncUITests;
			productReference = 3325F2F72583D5BD008E252D /* NetworkAsyncUITests.xctest */;
			productType = "com.apple.product-type.bundle.ui-testing";
		};
		33EA5B612583B5E2005A80BE /* NetworkAsync */ = {
			isa = PBXNativeTarget;
			buildConfigurationList = 33EA5B712583B5E5005A80BE /* Build configuration list for PBXNativeTarget "NetworkAsync" */;
			buildPhases = (
				33EA5B5E2583B5E2005A80BE /* Sources */,
				33EA5B5F2583B5E2005A80BE /* Frameworks */,
				33EA5B602583B5E2005A80BE /* Resources */,
			);
			buildRules = (
			);
			dependencies = (
			);
			name = NetworkAsync;
			packageProductDependencies = (
			);
			productName = NetworkAsync;
			productReference = 33EA5B622583B5E2005A80BE /* NetworkAsync.app */;
			productType = "com.apple.product-type.application";
		};
/* End PBXNativeTarget section */

/* Begin PBXProject section */
		33EA5B5A2583B5E2005A80BE /* Project object */ = {
			isa = PBXProject;
			attributes = {
				LastSwiftUpdateCheck = 1220;
				LastUpgradeCheck = 1220;
				TargetAttributes = {
					3325F2F62583D5BD008E252D = {
						CreatedOnToolsVersion = 12.2;
						TestTargetID = 33EA5B612583B5E2005A80BE;
					};
					33EA5B612583B5E2005A80BE = {
						CreatedOnToolsVersion = 12.2;
					};
				};
			};
			buildConfigurationList = 33EA5B5D2583B5E2005A80BE /* Build configuration list for PBXProject "NetworkAsync" */;
			compatibilityVersion = "Xcode 9.3";
			developmentRegion = en;
			hasScannedForEncodings = 0;
			knownRegions = (
				en,
				Base,
				fr,
			);
			mainGroup = 33EA5B592583B5E2005A80BE;
			packageReferences = (
			);
			productRefGroup = 33EA5B632583B5E2005A80BE /* Products */;
			projectDirPath = "";
			projectRoot = "";
			targets = (
				33EA5B612583B5E2005A80BE /* NetworkAsync */,
				3325F2F62583D5BD008E252D /* NetworkAsyncUITests */,
			);
		};
/* End PBXProject section */

/* Begin PBXResourcesBuildPhase section */
		3325F2F52583D5BD008E252D /* Resources */ = {
			isa = PBXResourcesBuildPhase;
			buildActionMask = 2147483647;
			files = (
			);
			runOnlyForDeploymentPostprocessing = 0;
		};
		33EA5B602583B5E2005A80BE /* Resources */ = {
			isa = PBXResourcesBuildPhase;
			buildActionMask = 2147483647;
			files = (
				33EA5B6D2583B5E5005A80BE /* Preview Assets.xcassets in Resources */,
				33EA5B6A2583B5E5005A80BE /* Assets.xcassets in Resources */,
				3325F2F12583CFB3008E252D /* Strings.strings in Resources */,
			);
			runOnlyForDeploymentPostprocessing = 0;
		};
/* End PBXResourcesBuildPhase section */

/* Begin PBXSourcesBuildPhase section */
		3325F2F32583D5BD008E252D /* Sources */ = {
			isa = PBXSourcesBuildPhase;
			buildActionMask = 2147483647;
			files = (
				3325F2FA2583D5BD008E252D /* NetworkAsyncUITests.swift in Sources */,
			);
			runOnlyForDeploymentPostprocessing = 0;
		};
		33EA5B5E2583B5E2005A80BE /* Sources */ = {
			isa = PBXSourcesBuildPhase;
			buildActionMask = 2147483647;
			files = (
				33EA5B762583B60B005A80BE /* NetworkManager.swift in Sources */,
				33EA5B682583B5E2005A80BE /* ContentView.swift in Sources */,
				33EA5B662583B5E2005A80BE /* NetworkAsyncApp.swift in Sources */,
			);
			runOnlyForDeploymentPostprocessing = 0;
		};
/* End PBXSourcesBuildPhase section */

/* Begin PBXTargetDependency section */
		3325F2FD2583D5BD008E252D /* PBXTargetDependency */ = {
			isa = PBXTargetDependency;
			target = 33EA5B612583B5E2005A80BE /* NetworkAsync */;
			targetProxy = 3325F2FC2583D5BD008E252D /* PBXContainerItemProxy */;
		};
/* End PBXTargetDependency section */

/* Begin XCBuildConfiguration section */
		3325F2FF2583D5BD008E252D /* Debug */ = {
			isa = XCBuildConfiguration;
			buildSettings = {
				CODE_SIGN_STYLE = Automatic;
				DEVELOPMENT_TEAM = A7SGM6JEMA;
				INFOPLIST_FILE = NetworkAsyncUITests/Info.plist;
				LD_RUNPATH_SEARCH_PATHS = (
					"$(inherited)",
					"@executable_path/Frameworks",
					"@loader_path/Frameworks",
				);
				PRODUCT_BUNDLE_IDENTIFIER = com.humancoders.ios.NetworkAsyncUITests;
				PRODUCT_NAME = "$(TARGET_NAME)";
				SWIFT_VERSION = 5.0;
				TARGETED_DEVICE_FAMILY = "1,2";
				TEST_TARGET_NAME = NetworkAsync;
			};
			name = Debug;
		};
		3325F3002583D5BD008E252D /* Release */ = {
			isa = XCBuildConfiguration;
			buildSettings = {
				CODE_SIGN_STYLE = Automatic;
				DEVELOPMENT_TEAM = A7SGM6JEMA;
				INFOPLIST_FILE = NetworkAsyncUITests/Info.plist;
				LD_RUNPATH_SEARCH_PATHS = (
					"$(inherited)",
					"@executable_path/Frameworks",
					"@loader_path/Frameworks",
				);
				PRODUCT_BUNDLE_IDENTIFIER = com.humancoders.ios.NetworkAsyncUITests;
				PRODUCT_NAME = "$(TARGET_NAME)";
				SWIFT_VERSION = 5.0;
				TARGETED_DEVICE_FAMILY = "1,2";
				TEST_TARGET_NAME = NetworkAsync;
			};
			name = Release;
		};
		33EA5B6F2583B5E5005A80BE /* Debug */ = {
			isa = XCBuildConfiguration;
			buildSettings = {
				ALWAYS_SEARCH_USER_PATHS = NO;
				CLANG_ANALYZER_NONNULL = YES;
				CLANG_ANALYZER_NUMBER_OBJECT_CONVERSION = YES_AGGRESSIVE;
				CLANG_CXX_LANGUAGE_STANDARD = "gnu++14";
				CLANG_CXX_LIBRARY = "libc++";
				CLANG_ENABLE_MODULES = YES;
				CLANG_ENABLE_OBJC_ARC = YES;
				CLANG_ENABLE_OBJC_WEAK = YES;
				CLANG_WARN_BLOCK_CAPTURE_AUTORELEASING = YES;
				CLANG_WARN_BOOL_CONVERSION = YES;
				CLANG_WARN_COMMA = YES;
				CLANG_WARN_CONSTANT_CONVERSION = YES;
				CLANG_WARN_DEPRECATED_OBJC_IMPLEMENTATIONS = YES;
				CLANG_WARN_DIRECT_OBJC_ISA_USAGE = YES_ERROR;
				CLANG_WARN_DOCUMENTATION_COMMENTS = YES;
				CLANG_WARN_EMPTY_BODY = YES;
				CLANG_WARN_ENUM_CONVERSION = YES;
				CLANG_WARN_INFINITE_RECURSION = YES;
				CLANG_WARN_INT_CONVERSION = YES;
				CLANG_WARN_NON_LITERAL_NULL_CONVERSION = YES;
				CLANG_WARN_OBJC_IMPLICIT_RETAIN_SELF = YES;
				CLANG_WARN_OBJC_LITERAL_CONVERSION = YES;
				CLANG_WARN_OBJC_ROOT_CLASS = YES_ERROR;
				CLANG_WARN_QUOTED_INCLUDE_IN_FRAMEWORK_HEADER = YES;
				CLANG_WARN_RANGE_LOOP_ANALYSIS = YES;
				CLANG_WARN_STRICT_PROTOTYPES = YES;
				CLANG_WARN_SUSPICIOUS_MOVE = YES;
				CLANG_WARN_UNGUARDED_AVAILABILITY = YES_AGGRESSIVE;
				CLANG_WARN_UNREACHABLE_CODE = YES;
				CLANG_WARN__DUPLICATE_METHOD_MATCH = YES;
				COPY_PHASE_STRIP = NO;
				DEBUG_INFORMATION_FORMAT = dwarf;
				ENABLE_STRICT_OBJC_MSGSEND = YES;
				ENABLE_TESTABILITY = YES;
				GCC_C_LANGUAGE_STANDARD = gnu11;
				GCC_DYNAMIC_NO_PIC = NO;
				GCC_NO_COMMON_BLOCKS = YES;
				GCC_OPTIMIZATION_LEVEL = 0;
				GCC_PREPROCESSOR_DEFINITIONS = (
					"DEBUG=1",
					"$(inherited)",
				);
				GCC_WARN_64_TO_32_BIT_CONVERSION = YES;
				GCC_WARN_ABOUT_RETURN_TYPE = YES_ERROR;
				GCC_WARN_UNDECLARED_SELECTOR = YES;
				GCC_WARN_UNINITIALIZED_AUTOS = YES_AGGRESSIVE;
				GCC_WARN_UNUSED_FUNCTION = YES;
				GCC_WARN_UNUSED_VARIABLE = YES;
				IPHONEOS_DEPLOYMENT_TARGET = 14.2;
				MTL_ENABLE_DEBUG_INFO = INCLUDE_SOURCE;
				MTL_FAST_MATH = YES;
				ONLY_ACTIVE_ARCH = YES;
				SDKROOT = iphoneos;
				SWIFT_ACTIVE_COMPILATION_CONDITIONS = DEBUG;
				SWIFT_OPTIMIZATION_LEVEL = "-Onone";
			};
			name = Debug;
		};
		33EA5B702583B5E5005A80BE /* Release */ = {
			isa = XCBuildConfiguration;
			buildSettings = {
				ALWAYS_SEARCH_USER_PATHS = NO;
				CLANG_ANALYZER_NONNULL = YES;
				CLANG_ANALYZER_NUMBER_OBJECT_CONVERSION = YES_AGGRESSIVE;
				CLANG_CXX_LANGUAGE_STANDARD = "gnu++14";
				CLANG_CXX_LIBRARY = "libc++";
				CLANG_ENABLE_MODULES = YES;
				CLANG_ENABLE_OBJC_ARC = YES;
				CLANG_ENABLE_OBJC_WEAK = YES;
				CLANG_WARN_BLOCK_CAPTURE_AUTORELEASING = YES;
				CLANG_WARN_BOOL_CONVERSION = YES;
				CLANG_WARN_COMMA = YES;
				CLANG_WARN_CONSTANT_CONVERSION = YES;
				CLANG_WARN_DEPRECATED_OBJC_IMPLEMENTATIONS = YES;
				CLANG_WARN_DIRECT_OBJC_ISA_USAGE = YES_ERROR;
				CLANG_WARN_DOCUMENTATION_COMMENTS = YES;
				CLANG_WARN_EMPTY_BODY = YES;
				CLANG_WARN_ENUM_CONVERSION = YES;
				CLANG_WARN_INFINITE_RECURSION = YES;
				CLANG_WARN_INT_CONVERSION = YES;
				CLANG_WARN_NON_LITERAL_NULL_CONVERSION = YES;
				CLANG_WARN_OBJC_IMPLICIT_RETAIN_SELF = YES;
				CLANG_WARN_OBJC_LITERAL_CONVERSION = YES;
				CLANG_WARN_OBJC_ROOT_CLASS = YES_ERROR;
				CLANG_WARN_QUOTED_INCLUDE_IN_FRAMEWORK_HEADER = YES;
				CLANG_WARN_RANGE_LOOP_ANALYSIS = YES;
				CLANG_WARN_STRICT_PROTOTYPES = YES;
				CLANG_WARN_SUSPICIOUS_MOVE = YES;
				CLANG_WARN_UNGUARDED_AVAILABILITY = YES_AGGRESSIVE;
				CLANG_WARN_UNREACHABLE_CODE = YES;
				CLANG_WARN__DUPLICATE_METHOD_MATCH = YES;
				COPY_PHASE_STRIP = NO;
				DEBUG_INFORMATION_FORMAT = "dwarf-with-dsym";
				ENABLE_NS_ASSERTIONS = NO;
				ENABLE_STRICT_OBJC_MSGSEND = YES;
				GCC_C_LANGUAGE_STANDARD = gnu11;
				GCC_NO_COMMON_BLOCKS = YES;
				GCC_WARN_64_TO_32_BIT_CONVERSION = YES;
				GCC_WARN_ABOUT_RETURN_TYPE = YES_ERROR;
				GCC_WARN_UNDECLARED_SELECTOR = YES;
				GCC_WARN_UNINITIALIZED_AUTOS = YES_AGGRESSIVE;
				GCC_WARN_UNUSED_FUNCTION = YES;
				GCC_WARN_UNUSED_VARIABLE = YES;
				IPHONEOS_DEPLOYMENT_TARGET = 14.2;
				MTL_ENABLE_DEBUG_INFO = NO;
				MTL_FAST_MATH = YES;
				SDKROOT = iphoneos;
				SWIFT_COMPILATION_MODE = wholemodule;
				SWIFT_OPTIMIZATION_LEVEL = "-O";
				VALIDATE_PRODUCT = YES;
			};
			name = Release;
		};
		33EA5B722583B5E5005A80BE /* Debug */ = {
			isa = XCBuildConfiguration;
			buildSettings = {
				ASSETCATALOG_COMPILER_APPICON_NAME = AppIcon;
				ASSETCATALOG_COMPILER_GLOBAL_ACCENT_COLOR_NAME = AccentColor;
				CODE_SIGN_STYLE = Automatic;
				DEVELOPMENT_ASSET_PATHS = "\"NetworkAsync/Preview Content\"";
				DEVELOPMENT_TEAM = A7SGM6JEMA;
				ENABLE_PREVIEWS = YES;
				INFOPLIST_FILE = NetworkAsync/Info.plist;
				IPHONEOS_DEPLOYMENT_TARGET = 14.0;
				LD_RUNPATH_SEARCH_PATHS = (
					"$(inherited)",
					"@executable_path/Frameworks",
				);
				PRODUCT_BUNDLE_IDENTIFIER = com.humancoders.ios.NetworkAsync;
				PRODUCT_NAME = "$(TARGET_NAME)";
				SWIFT_VERSION = 5.0;
				TARGETED_DEVICE_FAMILY = "1,2";
			};
			name = Debug;
		};
		33EA5B732583B5E5005A80BE /* Release */ = {
			isa = XCBuildConfiguration;
			buildSettings = {
				ASSETCATALOG_COMPILER_APPICON_NAME = AppIcon;
				ASSETCATALOG_COMPILER_GLOBAL_ACCENT_COLOR_NAME = AccentColor;
				CODE_SIGN_STYLE = Automatic;
				DEVELOPMENT_ASSET_PATHS = "\"NetworkAsync/Preview Content\"";
				DEVELOPMENT_TEAM = A7SGM6JEMA;
				ENABLE_PREVIEWS = YES;
				INFOPLIST_FILE = NetworkAsync/Info.plist;
				IPHONEOS_DEPLOYMENT_TARGET = 14.0;
				LD_RUNPATH_SEARCH_PATHS = (
					"$(inherited)",
					"@executable_path/Frameworks",
				);
				PRODUCT_BUNDLE_IDENTIFIER = com.humancoders.ios.NetworkAsync;
				PRODUCT_NAME = "$(TARGET_NAME)";
				SWIFT_VERSION = 5.0;
				TARGETED_DEVICE_FAMILY = "1,2";
			};
			name = Release;
		};
/* End XCBuildConfiguration section */

/* Begin XCConfigurationList section */
		3325F2FE2583D5BD008E252D /* Build configuration list for PBXNativeTarget "NetworkAsyncUITests" */ = {
			isa = XCConfigurationList;
			buildConfigurations = (
				3325F2FF2583D5BD008E252D /* Debug */,
				3325F3002583D5BD008E252D /* Release */,
			);
			defaultConfigurationIsVisible = 0;
			defaultConfigurationName = Release;
		};
		33EA5B5D2583B5E2005A80BE /* Build configuration list for PBXProject "NetworkAsync" */ = {
			isa = XCConfigurationList;
			buildConfigurations = (
				33EA5B6F2583B5E5005A80BE /* Debug */,
				33EA5B702583B5E5005A80BE /* Release */,
			);
			defaultConfigurationIsVisible = 0;
			defaultConfigurationName = Release;
		};
		33EA5B712583B5E5005A80BE /* Build configuration list for PBXNativeTarget "NetworkAsync" */ = {
			isa = XCConfigurationList;
			buildConfigurations = (
				33EA5B722583B5E5005A80BE /* Debug */,
				33EA5B732583B5E5005A80BE /* Release */,
			);
			defaultConfigurationIsVisible = 0;
			defaultConfigurationName = Release;
		};
/* End XCConfigurationList section */
	};
	rootObject = 33EA5B5A2583B5E2005A80BE /* Project object */;
}
